// !$*UTF8*$!
{
	archiveVersion = 1;
	classes = {
	};
	objectVersion = 70;
	objects = {

/* Begin PBXBuildFile section */
		186AE8EB2E57D80A00EC3FE5 /* Secrets.xcconfig in Resources */ = {isa = PBXBuildFile; fileRef = 186AE8EA2E57D80A00EC3FE5 /* Secrets.xcconfig */; };
		18C7942A2C9AC3FC008A09E0 /* AppDelegate.swift in Sources */ = {isa = PBXBuildFile; fileRef = 18C794292C9AC3FC008A09E0 /* AppDelegate.swift */; };
		18C7942C2C9AC3FC008A09E0 /* SceneDelegate.swift in Sources */ = {isa = PBXBuildFile; fileRef = 18C7942B2C9AC3FC008A09E0 /* SceneDelegate.swift */; };
		18C7942E2C9AC3FC008A09E0 /* ViewController.swift in Sources */ = {isa = PBXBuildFile; fileRef = 18C7942D2C9AC3FC008A09E0 /* ViewController.swift */; };
		18C794332C9AC3FD008A09E0 /* Assets.xcassets in Resources */ = {isa = PBXBuildFile; fileRef = 18C794322C9AC3FD008A09E0 /* Assets.xcassets */; };
		18C794362C9AC3FD008A09E0 /* Base in Resources */ = {isa = PBXBuildFile; fileRef = 18C794352C9AC3FD008A09E0 /* Base */; };
		18C794412C9AC3FD008A09E0 /* VeganSuperAppTests.swift in Sources */ = {isa = PBXBuildFile; fileRef = 18C794402C9AC3FD008A09E0 /* VeganSuperAppTests.swift */; };
		18C7944B2C9AC3FD008A09E0 /* VeganSuperAppUITests.swift in Sources */ = {isa = PBXBuildFile; fileRef = 18C7944A2C9AC3FD008A09E0 /* VeganSuperAppUITests.swift */; };
		18C7944D2C9AC3FD008A09E0 /* VeganSuperAppUITestsLaunchTests.swift in Sources */ = {isa = PBXBuildFile; fileRef = 18C7944C2C9AC3FD008A09E0 /* VeganSuperAppUITestsLaunchTests.swift */; };
/* End PBXBuildFile section */

/* Begin PBXContainerItemProxy section */
		18C7943D2C9AC3FD008A09E0 /* PBXContainerItemProxy */ = {
			isa = PBXContainerItemProxy;
			containerPortal = 18C7941E2C9AC3FC008A09E0 /* Project object */;
			proxyType = 1;
			remoteGlobalIDString = 18C794252C9AC3FC008A09E0;
			remoteInfo = VeganSuperApp;
		};
		18C794472C9AC3FD008A09E0 /* PBXContainerItemProxy */ = {
			isa = PBXContainerItemProxy;
			containerPortal = 18C7941E2C9AC3FC008A09E0 /* Project object */;
			proxyType = 1;
			remoteGlobalIDString = 18C794252C9AC3FC008A09E0;
			remoteInfo = VeganSuperApp;
		};
/* End PBXContainerItemProxy section */

/* Begin PBXFileReference section */
		186AE8EA2E57D80A00EC3FE5 /* Secrets.xcconfig */ = {isa = PBXFileReference; lastKnownFileType = text.xcconfig; path = Secrets.xcconfig; sourceTree = "<group>"; };
		18C794262C9AC3FC008A09E0 /* VeganSuperApp.app */ = {isa = PBXFileReference; explicitFileType = wrapper.application; includeInIndex = 0; path = VeganSuperApp.app; sourceTree = BUILT_PRODUCTS_DIR; };
		18C794292C9AC3FC008A09E0 /* AppDelegate.swift */ = {isa = PBXFileReference; lastKnownFileType = sourcecode.swift; path = AppDelegate.swift; sourceTree = "<group>"; };
		18C7942B2C9AC3FC008A09E0 /* SceneDelegate.swift */ = {isa = PBXFileReference; lastKnownFileType = sourcecode.swift; path = SceneDelegate.swift; sourceTree = "<group>"; };
		18C7942D2C9AC3FC008A09E0 /* ViewController.swift */ = {isa = PBXFileReference; lastKnownFileType = sourcecode.swift; path = ViewController.swift; sourceTree = "<group>"; };
		18C794322C9AC3FD008A09E0 /* Assets.xcassets */ = {isa = PBXFileReference; lastKnownFileType = folder.assetcatalog; path = Assets.xcassets; sourceTree = "<group>"; };
		18C794352C9AC3FD008A09E0 /* Base */ = {isa = PBXFileReference; lastKnownFileType = file.storyboard; name = Base; path = Base.lproj/LaunchScreen.storyboard; sourceTree = "<group>"; };
		18C794372C9AC3FD008A09E0 /* Info.plist */ = {isa = PBXFileReference; lastKnownFileType = text.plist.xml; path = Info.plist; sourceTree = "<group>"; };
		18C7943C2C9AC3FD008A09E0 /* VeganSuperAppTests.xctest */ = {isa = PBXFileReference; explicitFileType = wrapper.cfbundle; includeInIndex = 0; path = VeganSuperAppTests.xctest; sourceTree = BUILT_PRODUCTS_DIR; };
		18C794402C9AC3FD008A09E0 /* VeganSuperAppTests.swift */ = {isa = PBXFileReference; lastKnownFileType = sourcecode.swift; path = VeganSuperAppTests.swift; sourceTree = "<group>"; };
		18C794462C9AC3FD008A09E0 /* VeganSuperAppUITests.xctest */ = {isa = PBXFileReference; explicitFileType = wrapper.cfbundle; includeInIndex = 0; path = VeganSuperAppUITests.xctest; sourceTree = BUILT_PRODUCTS_DIR; };
		18C7944A2C9AC3FD008A09E0 /* VeganSuperAppUITests.swift */ = {isa = PBXFileReference; lastKnownFileType = sourcecode.swift; path = VeganSuperAppUITests.swift; sourceTree = "<group>"; };
		18C7944C2C9AC3FD008A09E0 /* VeganSuperAppUITestsLaunchTests.swift */ = {isa = PBXFileReference; lastKnownFileType = sourcecode.swift; path = VeganSuperAppUITestsLaunchTests.swift; sourceTree = "<group>"; };
/* End PBXFileReference section */

/* Begin PBXFileSystemSynchronizedRootGroup section */
		186AE8E02E57D21D00EC3FE5 /* Services */ = {isa = PBXFileSystemSynchronizedRootGroup; explicitFileTypes = {}; explicitFolders = (); path = Services; sourceTree = "<group>"; };
		186AE8E52E57D37F00EC3FE5 /* Models */ = {isa = PBXFileSystemSynchronizedRootGroup; explicitFileTypes = {}; explicitFolders = (); path = Models; sourceTree = "<group>"; };
		186AE8EC2E57D96300EC3FE5 /* Utils */ = {isa = PBXFileSystemSynchronizedRootGroup; explicitFileTypes = {}; explicitFolders = (); path = Utils; sourceTree = "<group>"; };
/* End PBXFileSystemSynchronizedRootGroup section */

/* Begin PBXFrameworksBuildPhase section */
		18C794232C9AC3FC008A09E0 /* Frameworks */ = {
			isa = PBXFrameworksBuildPhase;
			buildActionMask = 2147483647;
			files = (
			);
			runOnlyForDeploymentPostprocessing = 0;
		};
		18C794392C9AC3FD008A09E0 /* Frameworks */ = {
			isa = PBXFrameworksBuildPhase;
			buildActionMask = 2147483647;
			files = (
			);
			runOnlyForDeploymentPostprocessing = 0;
		};
		18C794432C9AC3FD008A09E0 /* Frameworks */ = {
			isa = PBXFrameworksBuildPhase;
			buildActionMask = 2147483647;
			files = (
			);
			runOnlyForDeploymentPostprocessing = 0;
		};
/* End PBXFrameworksBuildPhase section */

/* Begin PBXGroup section */
		18C7941D2C9AC3FC008A09E0 = {
			isa = PBXGroup;
			children = (
				18C794282C9AC3FC008A09E0 /* VeganSuperApp */,
				18C7943F2C9AC3FD008A09E0 /* VeganSuperAppTests */,
				18C794492C9AC3FD008A09E0 /* VeganSuperAppUITests */,
				18C794272C9AC3FC008A09E0 /* Products */,
			);
			sourceTree = "<group>";
		};
		18C794272C9AC3FC008A09E0 /* Products */ = {
			isa = PBXGroup;
			children = (
				18C794262C9AC3FC008A09E0 /* VeganSuperApp.app */,
				18C7943C2C9AC3FD008A09E0 /* VeganSuperAppTests.xctest */,
				18C794462C9AC3FD008A09E0 /* VeganSuperAppUITests.xctest */,
			);
			name = Products;
			sourceTree = "<group>";
		};
		18C794282C9AC3FC008A09E0 /* VeganSuperApp */ = {
			isa = PBXGroup;
			children = (
				186AE8EC2E57D96300EC3FE5 /* Utils */,
				186AE8E52E57D37F00EC3FE5 /* Models */,
				186AE8E02E57D21D00EC3FE5 /* Services */,
				18C794292C9AC3FC008A09E0 /* AppDelegate.swift */,
				18C7942B2C9AC3FC008A09E0 /* SceneDelegate.swift */,
				18C7942D2C9AC3FC008A09E0 /* ViewController.swift */,
				18C794322C9AC3FD008A09E0 /* Assets.xcassets */,
				18C794342C9AC3FD008A09E0 /* LaunchScreen.storyboard */,
				18C794372C9AC3FD008A09E0 /* Info.plist */,
				186AE8EA2E57D80A00EC3FE5 /* Secrets.xcconfig */,
			);
			path = VeganSuperApp;
			sourceTree = "<group>";
		};
		18C7943F2C9AC3FD008A09E0 /* VeganSuperAppTests */ = {
			isa = PBXGroup;
			children = (
				18C794402C9AC3FD008A09E0 /* VeganSuperAppTests.swift */,
			);
			path = VeganSuperAppTests;
			sourceTree = "<group>";
		};
		18C794492C9AC3FD008A09E0 /* VeganSuperAppUITests */ = {
			isa = PBXGroup;
			children = (
				18C7944A2C9AC3FD008A09E0 /* VeganSuperAppUITests.swift */,
				18C7944C2C9AC3FD008A09E0 /* VeganSuperAppUITestsLaunchTests.swift */,
			);
			path = VeganSuperAppUITests;
			sourceTree = "<group>";
		};
/* End PBXGroup section */

/* Begin PBXNativeTarget section */
		18C794252C9AC3FC008A09E0 /* VeganSuperApp */ = {
			isa = PBXNativeTarget;
			buildConfigurationList = 18C794502C9AC3FD008A09E0 /* Build configuration list for PBXNativeTarget "VeganSuperApp" */;
			buildPhases = (
				18C794222C9AC3FC008A09E0 /* Sources */,
				18C794232C9AC3FC008A09E0 /* Frameworks */,
				18C794242C9AC3FC008A09E0 /* Resources */,
			);
			buildRules = (
			);
			dependencies = (
			);
			fileSystemSynchronizedGroups = (
				186AE8E02E57D21D00EC3FE5 /* Services */,
				186AE8E52E57D37F00EC3FE5 /* Models */,
				186AE8EC2E57D96300EC3FE5 /* Utils */,
			);
			name = VeganSuperApp;
			productName = VeganSuperApp;
			productReference = 18C794262C9AC3FC008A09E0 /* VeganSuperApp.app */;
			productType = "com.apple.product-type.application";
		};
		18C7943B2C9AC3FD008A09E0 /* VeganSuperAppTests */ = {
			isa = PBXNativeTarget;
			buildConfigurationList = 18C794532C9AC3FD008A09E0 /* Build configuration list for PBXNativeTarget "VeganSuperAppTests" */;
			buildPhases = (
				18C794382C9AC3FD008A09E0 /* Sources */,
				18C794392C9AC3FD008A09E0 /* Frameworks */,
				18C7943A2C9AC3FD008A09E0 /* Resources */,
			);
			buildRules = (
			);
			dependencies = (
				18C7943E2C9AC3FD008A09E0 /* PBXTargetDependency */,
			);
			name = VeganSuperAppTests;
			productName = VeganSuperAppTests;
			productReference = 18C7943C2C9AC3FD008A09E0 /* VeganSuperAppTests.xctest */;
			productType = "com.apple.product-type.bundle.unit-test";
		};
		18C794452C9AC3FD008A09E0 /* VeganSuperAppUITests */ = {
			isa = PBXNativeTarget;
			buildConfigurationList = 18C794562C9AC3FD008A09E0 /* Build configuration list for PBXNativeTarget "VeganSuperAppUITests" */;
			buildPhases = (
				18C794422C9AC3FD008A09E0 /* Sources */,
				18C794432C9AC3FD008A09E0 /* Frameworks */,
				18C794442C9AC3FD008A09E0 /* Resources */,
			);
			buildRules = (
			);
			dependencies = (
				18C794482C9AC3FD008A09E0 /* PBXTargetDependency */,
			);
			name = VeganSuperAppUITests;
			productName = VeganSuperAppUITests;
			productReference = 18C794462C9AC3FD008A09E0 /* VeganSuperAppUITests.xctest */;
			productType = "com.apple.product-type.bundle.ui-testing";
		};
/* End PBXNativeTarget section */

/* Begin PBXProject section */
		18C7941E2C9AC3FC008A09E0 /* Project object */ = {
			isa = PBXProject;
			attributes = {
				BuildIndependentTargetsInParallel = 1;
				LastSwiftUpdateCheck = 1540;
				LastUpgradeCheck = 1540;
				TargetAttributes = {
					18C794252C9AC3FC008A09E0 = {
						CreatedOnToolsVersion = 15.4;
					};
					18C7943B2C9AC3FD008A09E0 = {
						CreatedOnToolsVersion = 15.4;
						TestTargetID = 18C794252C9AC3FC008A09E0;
					};
					18C794452C9AC3FD008A09E0 = {
						CreatedOnToolsVersion = 15.4;
						TestTargetID = 18C794252C9AC3FC008A09E0;
					};
				};
			};
			buildConfigurationList = 18C794212C9AC3FC008A09E0 /* Build configuration list for PBXProject "VeganSuperApp" */;
			compatibilityVersion = "Xcode 14.0";
			developmentRegion = en;
			hasScannedForEncodings = 0;
			knownRegions = (
				en,
				Base,
			);
			mainGroup = 18C7941D2C9AC3FC008A09E0;
			productRefGroup = 18C794272C9AC3FC008A09E0 /* Products */;
			projectDirPath = "";
			projectRoot = "";
			targets = (
				18C794252C9AC3FC008A09E0 /* VeganSuperApp */,
				18C7943B2C9AC3FD008A09E0 /* VeganSuperAppTests */,
				18C794452C9AC3FD008A09E0 /* VeganSuperAppUITests */,
			);
		};
/* End PBXProject section */

/* Begin PBXResourcesBuildPhase section */
		18C794242C9AC3FC008A09E0 /* Resources */ = {
			isa = PBXResourcesBuildPhase;
			buildActionMask = 2147483647;
			files = (
				18C794332C9AC3FD008A09E0 /* Assets.xcassets in Resources */,
				18C794362C9AC3FD008A09E0 /* Base in Resources */,
				186AE8EB2E57D80A00EC3FE5 /* Secrets.xcconfig in Resources */,
			);
			runOnlyForDeploymentPostprocessing = 0;
		};
		18C7943A2C9AC3FD008A09E0 /* Resources */ = {
			isa = PBXResourcesBuildPhase;
			buildActionMask = 2147483647;
			files = (
			);
			runOnlyForDeploymentPostprocessing = 0;
		};
		18C794442C9AC3FD008A09E0 /* Resources */ = {
			isa = PBXResourcesBuildPhase;
			buildActionMask = 2147483647;
			files = (
			);
			runOnlyForDeploymentPostprocessing = 0;
		};
/* End PBXResourcesBuildPhase section */

/* Begin PBXSourcesBuildPhase section */
		18C794222C9AC3FC008A09E0 /* Sources */ = {
			isa = PBXSourcesBuildPhase;
			buildActionMask = 2147483647;
			files = (
				18C7942E2C9AC3FC008A09E0 /* ViewController.swift in Sources */,
				18C7942A2C9AC3FC008A09E0 /* AppDelegate.swift in Sources */,
				18C7942C2C9AC3FC008A09E0 /* SceneDelegate.swift in Sources */,
			);
			runOnlyForDeploymentPostprocessing = 0;
		};
		18C794382C9AC3FD008A09E0 /* Sources */ = {
			isa = PBXSourcesBuildPhase;
			buildActionMask = 2147483647;
			files = (
				18C794412C9AC3FD008A09E0 /* VeganSuperAppTests.swift in Sources */,
			);
			runOnlyForDeploymentPostprocessing = 0;
		};
		18C794422C9AC3FD008A09E0 /* Sources */ = {
			isa = PBXSourcesBuildPhase;
			buildActionMask = 2147483647;
			files = (
				18C7944D2C9AC3FD008A09E0 /* VeganSuperAppUITestsLaunchTests.swift in Sources */,
				18C7944B2C9AC3FD008A09E0 /* VeganSuperAppUITests.swift in Sources */,
			);
			runOnlyForDeploymentPostprocessing = 0;
		};
/* End PBXSourcesBuildPhase section */

/* Begin PBXTargetDependency section */
		18C7943E2C9AC3FD008A09E0 /* PBXTargetDependency */ = {
			isa = PBXTargetDependency;
			target = 18C794252C9AC3FC008A09E0 /* VeganSuperApp */;
			targetProxy = 18C7943D2C9AC3FD008A09E0 /* PBXContainerItemProxy */;
		};
		18C794482C9AC3FD008A09E0 /* PBXTargetDependency */ = {
			isa = PBXTargetDependency;
			target = 18C794252C9AC3FC008A09E0 /* VeganSuperApp */;
			targetProxy = 18C794472C9AC3FD008A09E0 /* PBXContainerItemProxy */;
		};
/* End PBXTargetDependency section */

/* Begin PBXVariantGroup section */
		18C794342C9AC3FD008A09E0 /* LaunchScreen.storyboard */ = {
			isa = PBXVariantGroup;
			children = (
				18C794352C9AC3FD008A09E0 /* Base */,
			);
			name = LaunchScreen.storyboard;
			sourceTree = "<group>";
		};
/* End PBXVariantGroup section */

/* Begin XCBuildConfiguration section */
		18C7944E2C9AC3FD008A09E0 /* Debug */ = {
			isa = XCBuildConfiguration;
			baseConfigurationReference = 186AE8EA2E57D80A00EC3FE5 /* Secrets.xcconfig */;
			buildSettings = {
				ALWAYS_SEARCH_USER_PATHS = NO;
				ASSETCATALOG_COMPILER_GENERATE_SWIFT_ASSET_SYMBOL_EXTENSIONS = YES;
				CLANG_ANALYZER_NONNULL = YES;
				CLANG_ANALYZER_NUMBER_OBJECT_CONVERSION = YES_AGGRESSIVE;
				CLANG_CXX_LANGUAGE_STANDARD = "gnu++20";
				CLANG_ENABLE_MODULES = YES;
				CLANG_ENABLE_OBJC_ARC = YES;
				CLANG_ENABLE_OBJC_WEAK = YES;
				CLANG_WARN_BLOCK_CAPTURE_AUTORELEASING = YES;
				CLANG_WARN_BOOL_CONVERSION = YES;
				CLANG_WARN_COMMA = YES;
				CLANG_WARN_CONSTANT_CONVERSION = YES;
				CLANG_WARN_DEPRECATED_OBJC_IMPLEMENTATIONS = YES;
				CLANG_WARN_DIRECT_OBJC_ISA_USAGE = YES_ERROR;
				CLANG_WARN_DOCUMENTATION_COMMENTS = YES;
				CLANG_WARN_EMPTY_BODY = YES;
				CLANG_WARN_ENUM_CONVERSION = YES;
				CLANG_WARN_INFINITE_RECURSION = YES;
				CLANG_WARN_INT_CONVERSION = YES;
				CLANG_WARN_NON_LITERAL_NULL_CONVERSION = YES;
				CLANG_WARN_OBJC_IMPLICIT_RETAIN_SELF = YES;
				CLANG_WARN_OBJC_LITERAL_CONVERSION = YES;
				CLANG_WARN_OBJC_ROOT_CLASS = YES_ERROR;
				CLANG_WARN_QUOTED_INCLUDE_IN_FRAMEWORK_HEADER = YES;
				CLANG_WARN_RANGE_LOOP_ANALYSIS = YES;
				CLANG_WARN_STRICT_PROTOTYPES = YES;
				CLANG_WARN_SUSPICIOUS_MOVE = YES;
				CLANG_WARN_UNGUARDED_AVAILABILITY = YES_AGGRESSIVE;
				CLANG_WARN_UNREACHABLE_CODE = YES;
				CLANG_WARN__DUPLICATE_METHOD_MATCH = YES;
				COPY_PHASE_STRIP = NO;
				DEBUG_INFORMATION_FORMAT = dwarf;
				ENABLE_STRICT_OBJC_MSGSEND = YES;
				ENABLE_TESTABILITY = YES;
				ENABLE_USER_SCRIPT_SANDBOXING = YES;
				GCC_C_LANGUAGE_STANDARD = gnu17;
				GCC_DYNAMIC_NO_PIC = NO;
				GCC_NO_COMMON_BLOCKS = YES;
				GCC_OPTIMIZATION_LEVEL = 0;
				GCC_PREPROCESSOR_DEFINITIONS = (
					"DEBUG=1",
					"$(inherited)",
				);
				GCC_WARN_64_TO_32_BIT_CONVERSION = YES;
				GCC_WARN_ABOUT_RETURN_TYPE = YES_ERROR;
				GCC_WARN_UNDECLARED_SELECTOR = YES;
				GCC_WARN_UNINITIALIZED_AUTOS = YES_AGGRESSIVE;
				GCC_WARN_UNUSED_FUNCTION = YES;
				GCC_WARN_UNUSED_VARIABLE = YES;
				IPHONEOS_DEPLOYMENT_TARGET = 17.5;
				LOCALIZATION_PREFERS_STRING_CATALOGS = YES;
				MTL_ENABLE_DEBUG_INFO = INCLUDE_SOURCE;
				MTL_FAST_MATH = YES;
				ONLY_ACTIVE_ARCH = YES;
				SDKROOT = iphoneos;
				SWIFT_ACTIVE_COMPILATION_CONDITIONS = "DEBUG $(inherited)";
				SWIFT_OPTIMIZATION_LEVEL = "-Onone";
			};
			name = Debug;
		};
		18C7944F2C9AC3FD008A09E0 /* Release */ = {
			isa = XCBuildConfiguration;
			baseConfigurationReference = 186AE8EA2E57D80A00EC3FE5 /* Secrets.xcconfig */;
			buildSettings = {
				ALWAYS_SEARCH_USER_PATHS = NO;
				ASSETCATALOG_COMPILER_GENERATE_SWIFT_ASSET_SYMBOL_EXTENSIONS = YES;
				CLANG_ANALYZER_NONNULL = YES;
				CLANG_ANALYZER_NUMBER_OBJECT_CONVERSION = YES_AGGRESSIVE;
				CLANG_CXX_LANGUAGE_STANDARD = "gnu++20";
				CLANG_ENABLE_MODULES = YES;
				CLANG_ENABLE_OBJC_ARC = YES;
				CLANG_ENABLE_OBJC_WEAK = YES;
				CLANG_WARN_BLOCK_CAPTURE_AUTORELEASING = YES;
				CLANG_WARN_BOOL_CONVERSION = YES;
				CLANG_WARN_COMMA = YES;
				CLANG_WARN_CONSTANT_CONVERSION = YES;
				CLANG_WARN_DEPRECATED_OBJC_IMPLEMENTATIONS = YES;
				CLANG_WARN_DIRECT_OBJC_ISA_USAGE = YES_ERROR;
				CLANG_WARN_DOCUMENTATION_COMMENTS = YES;
				CLANG_WARN_EMPTY_BODY = YES;
				CLANG_WARN_ENUM_CONVERSION = YES;
				CLANG_WARN_INFINITE_RECURSION = YES;
				CLANG_WARN_INT_CONVERSION = YES;
				CLANG_WARN_NON_LITERAL_NULL_CONVERSION = YES;
				CLANG_WARN_OBJC_IMPLICIT_RETAIN_SELF = YES;
				CLANG_WARN_OBJC_LITERAL_CONVERSION = YES;
				CLANG_WARN_OBJC_ROOT_CLASS = YES_ERROR;
				CLANG_WARN_QUOTED_INCLUDE_IN_FRAMEWORK_HEADER = YES;
				CLANG_WARN_RANGE_LOOP_ANALYSIS = YES;
				CLANG_WARN_STRICT_PROTOTYPES = YES;
				CLANG_WARN_SUSPICIOUS_MOVE = YES;
				CLANG_WARN_UNGUARDED_AVAILABILITY = YES_AGGRESSIVE;
				CLANG_WARN_UNREACHABLE_CODE = YES;
				CLANG_WARN__DUPLICATE_METHOD_MATCH = YES;
				COPY_PHASE_STRIP = NO;
				DEBUG_INFORMATION_FORMAT = "dwarf-with-dsym";
				ENABLE_NS_ASSERTIONS = NO;
				ENABLE_STRICT_OBJC_MSGSEND = YES;
				ENABLE_USER_SCRIPT_SANDBOXING = YES;
				GCC_C_LANGUAGE_STANDARD = gnu17;
				GCC_NO_COMMON_BLOCKS = YES;
				GCC_WARN_64_TO_32_BIT_CONVERSION = YES;
				GCC_WARN_ABOUT_RETURN_TYPE = YES_ERROR;
				GCC_WARN_UNDECLARED_SELECTOR = YES;
				GCC_WARN_UNINITIALIZED_AUTOS = YES_AGGRESSIVE;
				GCC_WARN_UNUSED_FUNCTION = YES;
				GCC_WARN_UNUSED_VARIABLE = YES;
				IPHONEOS_DEPLOYMENT_TARGET = 17.5;
				LOCALIZATION_PREFERS_STRING_CATALOGS = YES;
				MTL_ENABLE_DEBUG_INFO = NO;
				MTL_FAST_MATH = YES;
				SDKROOT = iphoneos;
				SWIFT_COMPILATION_MODE = wholemodule;
				VALIDATE_PRODUCT = YES;
			};
			name = Release;
		};
		18C794512C9AC3FD008A09E0 /* Debug */ = {
			isa = XCBuildConfiguration;
			baseConfigurationReference = 186AE8EA2E57D80A00EC3FE5 /* Secrets.xcconfig */;
			buildSettings = {
				ASSETCATALOG_COMPILER_APPICON_NAME = AppIcon;
				ASSETCATALOG_COMPILER_GLOBAL_ACCENT_COLOR_NAME = AccentColor;
				CODE_SIGN_STYLE = Automatic;
				CURRENT_PROJECT_VERSION = 1;
				DEVELOPMENT_TEAM = 8MF89G73K4;
				GENERATE_INFOPLIST_FILE = YES;
				INFOPLIST_FILE = VeganSuperApp/Info.plist;
				INFOPLIST_KEY_UIApplicationSupportsIndirectInputEvents = YES;
				INFOPLIST_KEY_UILaunchStoryboardName = LaunchScreen;
				INFOPLIST_KEY_UISupportedInterfaceOrientations_iPad = "UIInterfaceOrientationPortrait UIInterfaceOrientationPortraitUpsideDown UIInterfaceOrientationLandscapeLeft UIInterfaceOrientationLandscapeRight";
				INFOPLIST_KEY_UISupportedInterfaceOrientations_iPhone = "UIInterfaceOrientationPortrait UIInterfaceOrientationLandscapeLeft UIInterfaceOrientationLandscapeRight";
				LD_RUNPATH_SEARCH_PATHS = (
					"$(inherited)",
					"@executable_path/Frameworks",
				);
				MARKETING_VERSION = 1.0;
				PRODUCT_BUNDLE_IDENTIFIER = com.rudrigo.VeganSuperApp;
				PRODUCT_NAME = "$(TARGET_NAME)";
				SWIFT_EMIT_LOC_STRINGS = YES;
				SWIFT_VERSION = 5.0;
				TARGETED_DEVICE_FAMILY = "1,2";
			};
			name = Debug;
		};
		18C794522C9AC3FD008A09E0 /* Release */ = {
			isa = XCBuildConfiguration;
			baseConfigurationReference = 186AE8EA2E57D80A00EC3FE5 /* Secrets.xcconfig */;
			buildSettings = {
				ASSETCATALOG_COMPILER_APPICON_NAME = AppIcon;
				ASSETCATALOG_COMPILER_GLOBAL_ACCENT_COLOR_NAME = AccentColor;
				CODE_SIGN_STYLE = Automatic;
				CURRENT_PROJECT_VERSION = 1;
				DEVELOPMENT_TEAM = 8MF89G73K4;
				GENERATE_INFOPLIST_FILE = YES;
				INFOPLIST_FILE = VeganSuperApp/Info.plist;
				INFOPLIST_KEY_UIApplicationSupportsIndirectInputEvents = YES;
				INFOPLIST_KEY_UILaunchStoryboardName = LaunchScreen;
				INFOPLIST_KEY_UISupportedInterfaceOrientations_iPad = "UIInterfaceOrientationPortrait UIInterfaceOrientationPortraitUpsideDown UIInterfaceOrientationLandscapeLeft UIInterfaceOrientationLandscapeRight";
				INFOPLIST_KEY_UISupportedInterfaceOrientations_iPhone = "UIInterfaceOrientationPortrait UIInterfaceOrientationLandscapeLeft UIInterfaceOrientationLandscapeRight";
				LD_RUNPATH_SEARCH_PATHS = (
					"$(inherited)",
					"@executable_path/Frameworks",
				);
				MARKETING_VERSION = 1.0;
				PRODUCT_BUNDLE_IDENTIFIER = com.rudrigo.VeganSuperApp;
				PRODUCT_NAME = "$(TARGET_NAME)";
				SWIFT_EMIT_LOC_STRINGS = YES;
				SWIFT_VERSION = 5.0;
				TARGETED_DEVICE_FAMILY = "1,2";
			};
			name = Release;
		};
		18C794542C9AC3FD008A09E0 /* Debug */ = {
			isa = XCBuildConfiguration;
			baseConfigurationReference = 186AE8EA2E57D80A00EC3FE5 /* Secrets.xcconfig */;
			buildSettings = {
				ALWAYS_EMBED_SWIFT_STANDARD_LIBRARIES = YES;
				BUNDLE_LOADER = "$(TEST_HOST)";
				CODE_SIGN_STYLE = Automatic;
				CURRENT_PROJECT_VERSION = 1;
				DEVELOPMENT_TEAM = 8MF89G73K4;
				GENERATE_INFOPLIST_FILE = YES;
				IPHONEOS_DEPLOYMENT_TARGET = 17.5;
				MARKETING_VERSION = 1.0;
				PRODUCT_BUNDLE_IDENTIFIER = com.rudrigo.VeganSuperAppTests;
				PRODUCT_NAME = "$(TARGET_NAME)";
				SWIFT_EMIT_LOC_STRINGS = NO;
				SWIFT_VERSION = 5.0;
				TARGETED_DEVICE_FAMILY = "1,2";
				TEST_HOST = "$(BUILT_PRODUCTS_DIR)/VeganSuperApp.app/$(BUNDLE_EXECUTABLE_FOLDER_PATH)/VeganSuperApp";
			};
			name = Debug;
		};
		18C794552C9AC3FD008A09E0 /* Release */ = {
			isa = XCBuildConfiguration;
			baseConfigurationReference = 186AE8EA2E57D80A00EC3FE5 /* Secrets.xcconfig */;
			buildSettings = {
				ALWAYS_EMBED_SWIFT_STANDARD_LIBRARIES = YES;
				BUNDLE_LOADER = "$(TEST_HOST)";
				CODE_SIGN_STYLE = Automatic;
				CURRENT_PROJECT_VERSION = 1;
				DEVELOPMENT_TEAM = 8MF89G73K4;
				GENERATE_INFOPLIST_FILE = YES;
				IPHONEOS_DEPLOYMENT_TARGET = 17.5;
				MARKETING_VERSION = 1.0;
				PRODUCT_BUNDLE_IDENTIFIER = com.rudrigo.VeganSuperAppTests;
				PRODUCT_NAME = "$(TARGET_NAME)";
				SWIFT_EMIT_LOC_STRINGS = NO;
				SWIFT_VERSION = 5.0;
				TARGETED_DEVICE_FAMILY = "1,2";
				TEST_HOST = "$(BUILT_PRODUCTS_DIR)/VeganSuperApp.app/$(BUNDLE_EXECUTABLE_FOLDER_PATH)/VeganSuperApp";
			};
			name = Release;
		};
		18C794572C9AC3FD008A09E0 /* Debug */ = {
			isa = XCBuildConfiguration;
			baseConfigurationReference = 186AE8EA2E57D80A00EC3FE5 /* Secrets.xcconfig */;
			buildSettings = {
				ALWAYS_EMBED_SWIFT_STANDARD_LIBRARIES = YES;
				CODE_SIGN_STYLE = Automatic;
				CURRENT_PROJECT_VERSION = 1;
				DEVELOPMENT_TEAM = 8MF89G73K4;
				GENERATE_INFOPLIST_FILE = YES;
				MARKETING_VERSION = 1.0;
				PRODUCT_BUNDLE_IDENTIFIER = com.rudrigo.VeganSuperAppUITests;
				PRODUCT_NAME = "$(TARGET_NAME)";
				SWIFT_EMIT_LOC_STRINGS = NO;
				SWIFT_VERSION = 5.0;
				TARGETED_DEVICE_FAMILY = "1,2";
				TEST_TARGET_NAME = VeganSuperApp;
			};
			name = Debug;
		};
		18C794582C9AC3FD008A09E0 /* Release */ = {
			isa = XCBuildConfiguration;
			baseConfigurationReference = 186AE8EA2E57D80A00EC3FE5 /* Secrets.xcconfig */;
			buildSettings = {
				ALWAYS_EMBED_SWIFT_STANDARD_LIBRARIES = YES;
				CODE_SIGN_STYLE = Automatic;
				CURRENT_PROJECT_VERSION = 1;
				DEVELOPMENT_TEAM = 8MF89G73K4;
				GENERATE_INFOPLIST_FILE = YES;
				MARKETING_VERSION = 1.0;
				PRODUCT_BUNDLE_IDENTIFIER = com.rudrigo.VeganSuperAppUITests;
				PRODUCT_NAME = "$(TARGET_NAME)";
				SWIFT_EMIT_LOC_STRINGS = NO;
				SWIFT_VERSION = 5.0;
				TARGETED_DEVICE_FAMILY = "1,2";
				TEST_TARGET_NAME = VeganSuperApp;
			};
			name = Release;
		};
/* End XCBuildConfiguration section */

/* Begin XCConfigurationList section */
		18C794212C9AC3FC008A09E0 /* Build configuration list for PBXProject "VeganSuperApp" */ = {
			isa = XCConfigurationList;
			buildConfigurations = (
				18C7944E2C9AC3FD008A09E0 /* Debug */,
				18C7944F2C9AC3FD008A09E0 /* Release */,
			);
			defaultConfigurationIsVisible = 0;
			defaultConfigurationName = Release;
		};
		18C794502C9AC3FD008A09E0 /* Build configuration list for PBXNativeTarget "VeganSuperApp" */ = {
			isa = XCConfigurationList;
			buildConfigurations = (
				18C794512C9AC3FD008A09E0 /* Debug */,
				18C794522C9AC3FD008A09E0 /* Release */,
			);
			defaultConfigurationIsVisible = 0;
			defaultConfigurationName = Release;
		};
		18C794532C9AC3FD008A09E0 /* Build configuration list for PBXNativeTarget "VeganSuperAppTests" */ = {
			isa = XCConfigurationList;
			buildConfigurations = (
				18C794542C9AC3FD008A09E0 /* Debug */,
				18C794552C9AC3FD008A09E0 /* Release */,
			);
			defaultConfigurationIsVisible = 0;
			defaultConfigurationName = Release;
		};
		18C794562C9AC3FD008A09E0 /* Build configuration list for PBXNativeTarget "VeganSuperAppUITests" */ = {
			isa = XCConfigurationList;
			buildConfigurations = (
				18C794572C9AC3FD008A09E0 /* Debug */,
				18C794582C9AC3FD008A09E0 /* Release */,
			);
			defaultConfigurationIsVisible = 0;
			defaultConfigurationName = Release;
		};
/* End XCConfigurationList section */
	};
	rootObject = 18C7941E2C9AC3FC008A09E0 /* Project object */;
}
